
Microsoft Visual Studio Solution File, Format Version 12.00
# Visual Studio Version 16
VisualStudioVersion = 16.0.30907.101
MinimumVisualStudioVersion = 10.0.40219.1
Project("{F184B08F-C81C-45F6-A57F-5ABD9991F28F}") = "Henderson_Ch5Asgmt3_LondonTubeTickets", "Henderson_Ch5Asgmt3_LondonTubeTickets.vbproj", "{59936AA3-020D-4746-96F9-77FA88C16C9F}"
EndProject
Global
	GlobalSection(SolutionConfigurationPlatforms) = preSolution
		Debug|Any CPU = Debug|Any CPU
		Release|Any CPU = Release|Any CPU
	EndGlobalSection
	GlobalSection(ProjectConfigurationPlatforms) = postSolution
		{59936AA3-020D-4746-96F9-77FA88C16C9F}.Debug|Any CPU.ActiveCfg = Debug|Any CPU
		{59936AA3-020D-4746-96F9-77FA88C16C9F}.Debug|Any CPU.Build.0 = Debug|Any CPU
		{59936AA3-020D-4746-96F9-77FA88C16C9F}.Release|Any CPU.ActiveCfg = Release|Any CPU
		{59936AA3-020D-4746-96F9-77FA88C16C9F}.Release|Any CPU.Build.0 = Release|Any CPU
	EndGlobalSection
	GlobalSection(SolutionProperties) = preSolution
		HideSolutionNode = FALSE
	EndGlobalSection
	GlobalSection(ExtensibilityGlobals) = postSolution
		SolutionGuid = {3364C48D-A1D0-4BB6-BDC5-AB3DD80A4898}
	EndGlobalSection
EndGlobal
